
Microsoft Visual Studio Solution File, Format Version 12.00
# Visual Studio Version 16
VisualStudioVersion = 16.0.31729.503
MinimumVisualStudioVersion = 10.0.40219.1
Project("{FAE04EC0-301F-11D3-BF4B-00C04F79EFBC}") = "Student Register", "Student Register\Student Register.csproj", "{A06DCE7B-A6E8-4B17-A60F-F0D2D153A572}"
EndProject
Global
	GlobalSection(SolutionConfigurationPlatforms) = preSolution
		Debug|Any CPU = Debug|Any CPU
		Release|Any CPU = Release|Any CPU
	EndGlobalSection
	GlobalSection(ProjectConfigurationPlatforms) = postSolution
		{A06DCE7B-A6E8-4B17-A60F-F0D2D153A572}.Debug|Any CPU.ActiveCfg = Debug|Any CPU
		{A06DCE7B-A6E8-4B17-A60F-F0D2D153A572}.Debug|Any CPU.Build.0 = Debug|Any CPU
		{A06DCE7B-A6E8-4B17-A60F-F0D2D153A572}.Release|Any CPU.ActiveCfg = Release|Any CPU
		{A06DCE7B-A6E8-4B17-A60F-F0D2D153A572}.Release|Any CPU.Build.0 = Release|Any CPU
	EndGlobalSection
	GlobalSection(SolutionProperties) = preSolution
		HideSolutionNode = FALSE
	EndGlobalSection
	GlobalSection(ExtensibilityGlobals) = postSolution
		SolutionGuid = {EFEDB1CE-F561-4C04-BE31-449C0BCE7A88}
	EndGlobalSection
EndGlobal
